// !$*UTF8*$!
{
	archiveVersion = 1;
	classes = {
	};
	objectVersion = 56;
	objects = {

/* Begin PBXBuildFile section */
		7658768C2C7CBFE3004F60E4 /* AppDelegate.swift in Sources */ = {isa = PBXBuildFile; fileRef = 7658768B2C7CBFE3004F60E4 /* AppDelegate.swift */; };
		7658768E2C7CBFE3004F60E4 /* SceneDelegate.swift in Sources */ = {isa = PBXBuildFile; fileRef = 7658768D2C7CBFE3004F60E4 /* SceneDelegate.swift */; };
		765876902C7CBFE3004F60E4 /* MovieDetailViewController.swift in Sources */ = {isa = PBXBuildFile; fileRef = 7658768F2C7CBFE3004F60E4 /* MovieDetailViewController.swift */; };
		765876932C7CBFE3004F60E4 /* Base in Resources */ = {isa = PBXBuildFile; fileRef = 765876922C7CBFE3004F60E4 /* Base */; };
		765876952C7CBFE4004F60E4 /* Assets.xcassets in Resources */ = {isa = PBXBuildFile; fileRef = 765876942C7CBFE4004F60E4 /* Assets.xcassets */; };
		765876982C7CBFE4004F60E4 /* Base in Resources */ = {isa = PBXBuildFile; fileRef = 765876972C7CBFE4004F60E4 /* Base */; };
		765876A32C7CBFE4004F60E4 /* PopcornPix_AppTests.swift in Sources */ = {isa = PBXBuildFile; fileRef = 765876A22C7CBFE4004F60E4 /* PopcornPix_AppTests.swift */; };
		765876AD2C7CBFE4004F60E4 /* PopcornPix_AppUITests.swift in Sources */ = {isa = PBXBuildFile; fileRef = 765876AC2C7CBFE4004F60E4 /* PopcornPix_AppUITests.swift */; };
		765876AF2C7CBFE4004F60E4 /* PopcornPix_AppUITestsLaunchTests.swift in Sources */ = {isa = PBXBuildFile; fileRef = 765876AE2C7CBFE4004F60E4 /* PopcornPix_AppUITestsLaunchTests.swift */; };
		765876BF2C7CC586004F60E4 /* MovieService.swift in Sources */ = {isa = PBXBuildFile; fileRef = 765876BE2C7CC586004F60E4 /* MovieService.swift */; };
		765876C12C7CCB8B004F60E4 /* Movies.swift in Sources */ = {isa = PBXBuildFile; fileRef = 765876C02C7CCB8B004F60E4 /* Movies.swift */; };
		765876C32C7CCDA0004F60E4 /* MovieDetails.swift in Sources */ = {isa = PBXBuildFile; fileRef = 765876C22C7CCDA0004F60E4 /* MovieDetails.swift */; };
		76E6F3F42C7DD5D900595377 /* MovieTableViewController.swift in Sources */ = {isa = PBXBuildFile; fileRef = 76E6F3F32C7DD5D900595377 /* MovieTableViewController.swift */; };
		76E6F3F62C7DD62C00595377 /* MovieTableViewCell.swift in Sources */ = {isa = PBXBuildFile; fileRef = 76E6F3F52C7DD62C00595377 /* MovieTableViewCell.swift */; };
/* End PBXBuildFile section */

/* Begin PBXContainerItemProxy section */
		7658769F2C7CBFE4004F60E4 /* PBXContainerItemProxy */ = {
			isa = PBXContainerItemProxy;
			containerPortal = 765876802C7CBFE3004F60E4 /* Project object */;
			proxyType = 1;
			remoteGlobalIDString = 765876872C7CBFE3004F60E4;
			remoteInfo = "PopcornPix-App";
		};
		765876A92C7CBFE4004F60E4 /* PBXContainerItemProxy */ = {
			isa = PBXContainerItemProxy;
			containerPortal = 765876802C7CBFE3004F60E4 /* Project object */;
			proxyType = 1;
			remoteGlobalIDString = 765876872C7CBFE3004F60E4;
			remoteInfo = "PopcornPix-App";
		};
/* End PBXContainerItemProxy section */

/* Begin PBXFileReference section */
		765876882C7CBFE3004F60E4 /* PopcornPix-App.app */ = {isa = PBXFileReference; explicitFileType = wrapper.application; includeInIndex = 0; path = "PopcornPix-App.app"; sourceTree = BUILT_PRODUCTS_DIR; };
		7658768B2C7CBFE3004F60E4 /* AppDelegate.swift */ = {isa = PBXFileReference; lastKnownFileType = sourcecode.swift; path = AppDelegate.swift; sourceTree = "<group>"; };
		7658768D2C7CBFE3004F60E4 /* SceneDelegate.swift */ = {isa = PBXFileReference; lastKnownFileType = sourcecode.swift; path = SceneDelegate.swift; sourceTree = "<group>"; };
		7658768F2C7CBFE3004F60E4 /* MovieDetailViewController.swift */ = {isa = PBXFileReference; lastKnownFileType = sourcecode.swift; path = MovieDetailViewController.swift; sourceTree = "<group>"; };
		765876922C7CBFE3004F60E4 /* Base */ = {isa = PBXFileReference; lastKnownFileType = file.storyboard; name = Base; path = Base.lproj/Main.storyboard; sourceTree = "<group>"; };
		765876942C7CBFE4004F60E4 /* Assets.xcassets */ = {isa = PBXFileReference; lastKnownFileType = folder.assetcatalog; path = Assets.xcassets; sourceTree = "<group>"; };
		765876972C7CBFE4004F60E4 /* Base */ = {isa = PBXFileReference; lastKnownFileType = file.storyboard; name = Base; path = Base.lproj/LaunchScreen.storyboard; sourceTree = "<group>"; };
		765876992C7CBFE4004F60E4 /* Info.plist */ = {isa = PBXFileReference; lastKnownFileType = text.plist.xml; path = Info.plist; sourceTree = "<group>"; };
		7658769E2C7CBFE4004F60E4 /* PopcornPix-AppTests.xctest */ = {isa = PBXFileReference; explicitFileType = wrapper.cfbundle; includeInIndex = 0; path = "PopcornPix-AppTests.xctest"; sourceTree = BUILT_PRODUCTS_DIR; };
		765876A22C7CBFE4004F60E4 /* PopcornPix_AppTests.swift */ = {isa = PBXFileReference; lastKnownFileType = sourcecode.swift; path = PopcornPix_AppTests.swift; sourceTree = "<group>"; };
		765876A82C7CBFE4004F60E4 /* PopcornPix-AppUITests.xctest */ = {isa = PBXFileReference; explicitFileType = wrapper.cfbundle; includeInIndex = 0; path = "PopcornPix-AppUITests.xctest"; sourceTree = BUILT_PRODUCTS_DIR; };
		765876AC2C7CBFE4004F60E4 /* PopcornPix_AppUITests.swift */ = {isa = PBXFileReference; lastKnownFileType = sourcecode.swift; path = PopcornPix_AppUITests.swift; sourceTree = "<group>"; };
		765876AE2C7CBFE4004F60E4 /* PopcornPix_AppUITestsLaunchTests.swift */ = {isa = PBXFileReference; lastKnownFileType = sourcecode.swift; path = PopcornPix_AppUITestsLaunchTests.swift; sourceTree = "<group>"; };
		765876BE2C7CC586004F60E4 /* MovieService.swift */ = {isa = PBXFileReference; lastKnownFileType = sourcecode.swift; path = MovieService.swift; sourceTree = "<group>"; };
		765876C02C7CCB8B004F60E4 /* Movies.swift */ = {isa = PBXFileReference; lastKnownFileType = sourcecode.swift; path = Movies.swift; sourceTree = "<group>"; };
		765876C22C7CCDA0004F60E4 /* MovieDetails.swift */ = {isa = PBXFileReference; lastKnownFileType = sourcecode.swift; path = MovieDetails.swift; sourceTree = "<group>"; };
		76E6F3F32C7DD5D900595377 /* MovieTableViewController.swift */ = {isa = PBXFileReference; lastKnownFileType = sourcecode.swift; path = MovieTableViewController.swift; sourceTree = "<group>"; };
		76E6F3F52C7DD62C00595377 /* MovieTableViewCell.swift */ = {isa = PBXFileReference; lastKnownFileType = sourcecode.swift; path = MovieTableViewCell.swift; sourceTree = "<group>"; };
/* End PBXFileReference section */

/* Begin PBXFrameworksBuildPhase section */
		765876852C7CBFE3004F60E4 /* Frameworks */ = {
			isa = PBXFrameworksBuildPhase;
			buildActionMask = 2147483647;
			files = (
			);
			runOnlyForDeploymentPostprocessing = 0;
		};
		7658769B2C7CBFE4004F60E4 /* Frameworks */ = {
			isa = PBXFrameworksBuildPhase;
			buildActionMask = 2147483647;
			files = (
			);
			runOnlyForDeploymentPostprocessing = 0;
		};
		765876A52C7CBFE4004F60E4 /* Frameworks */ = {
			isa = PBXFrameworksBuildPhase;
			buildActionMask = 2147483647;
			files = (
			);
			runOnlyForDeploymentPostprocessing = 0;
		};
/* End PBXFrameworksBuildPhase section */

/* Begin PBXGroup section */
		7658767F2C7CBFE3004F60E4 = {
			isa = PBXGroup;
			children = (
				7658768A2C7CBFE3004F60E4 /* PopcornPix-App */,
				765876A12C7CBFE4004F60E4 /* PopcornPix-AppTests */,
				765876AB2C7CBFE4004F60E4 /* PopcornPix-AppUITests */,
				765876892C7CBFE3004F60E4 /* Products */,
			);
			sourceTree = "<group>";
		};
		765876892C7CBFE3004F60E4 /* Products */ = {
			isa = PBXGroup;
			children = (
				765876882C7CBFE3004F60E4 /* PopcornPix-App.app */,
				7658769E2C7CBFE4004F60E4 /* PopcornPix-AppTests.xctest */,
				765876A82C7CBFE4004F60E4 /* PopcornPix-AppUITests.xctest */,
			);
			name = Products;
			sourceTree = "<group>";
		};
		7658768A2C7CBFE3004F60E4 /* PopcornPix-App */ = {
			isa = PBXGroup;
			children = (
				765876BD2C7CC0D1004F60E4 /* ViewControllers */,
				765876BC2C7CC0BF004F60E4 /* Services */,
				765876BB2C7CC0B4004F60E4 /* Models */,
				7658768B2C7CBFE3004F60E4 /* AppDelegate.swift */,
				7658768D2C7CBFE3004F60E4 /* SceneDelegate.swift */,
				765876912C7CBFE3004F60E4 /* Main.storyboard */,
				765876942C7CBFE4004F60E4 /* Assets.xcassets */,
				765876962C7CBFE4004F60E4 /* LaunchScreen.storyboard */,
				765876992C7CBFE4004F60E4 /* Info.plist */,
			);
			path = "PopcornPix-App";
			sourceTree = "<group>";
		};
		765876A12C7CBFE4004F60E4 /* PopcornPix-AppTests */ = {
			isa = PBXGroup;
			children = (
				765876A22C7CBFE4004F60E4 /* PopcornPix_AppTests.swift */,
			);
			path = "PopcornPix-AppTests";
			sourceTree = "<group>";
		};
		765876AB2C7CBFE4004F60E4 /* PopcornPix-AppUITests */ = {
			isa = PBXGroup;
			children = (
				765876AC2C7CBFE4004F60E4 /* PopcornPix_AppUITests.swift */,
				765876AE2C7CBFE4004F60E4 /* PopcornPix_AppUITestsLaunchTests.swift */,
			);
			path = "PopcornPix-AppUITests";
			sourceTree = "<group>";
		};
		765876BB2C7CC0B4004F60E4 /* Models */ = {
			isa = PBXGroup;
			children = (
				765876C02C7CCB8B004F60E4 /* Movies.swift */,
				765876C22C7CCDA0004F60E4 /* MovieDetails.swift */,
			);
			path = Models;
			sourceTree = "<group>";
		};
		765876BC2C7CC0BF004F60E4 /* Services */ = {
			isa = PBXGroup;
			children = (
				765876BE2C7CC586004F60E4 /* MovieService.swift */,
			);
			path = Services;
			sourceTree = "<group>";
		};
		765876BD2C7CC0D1004F60E4 /* ViewControllers */ = {
			isa = PBXGroup;
			children = (
				76E6F3F32C7DD5D900595377 /* MovieTableViewController.swift */,
				76E6F3F52C7DD62C00595377 /* MovieTableViewCell.swift */,
				7658768F2C7CBFE3004F60E4 /* MovieDetailViewController.swift */,
			);
			path = ViewControllers;
			sourceTree = "<group>";
		};
/* End PBXGroup section */

/* Begin PBXNativeTarget section */
		765876872C7CBFE3004F60E4 /* PopcornPix-App */ = {
			isa = PBXNativeTarget;
			buildConfigurationList = 765876B22C7CBFE4004F60E4 /* Build configuration list for PBXNativeTarget "PopcornPix-App" */;
			buildPhases = (
				765876842C7CBFE3004F60E4 /* Sources */,
				765876852C7CBFE3004F60E4 /* Frameworks */,
				765876862C7CBFE3004F60E4 /* Resources */,
			);
			buildRules = (
			);
			dependencies = (
			);
			name = "PopcornPix-App";
			productName = "PopcornPix-App";
			productReference = 765876882C7CBFE3004F60E4 /* PopcornPix-App.app */;
			productType = "com.apple.product-type.application";
		};
		7658769D2C7CBFE4004F60E4 /* PopcornPix-AppTests */ = {
			isa = PBXNativeTarget;
			buildConfigurationList = 765876B52C7CBFE4004F60E4 /* Build configuration list for PBXNativeTarget "PopcornPix-AppTests" */;
			buildPhases = (
				7658769A2C7CBFE4004F60E4 /* Sources */,
				7658769B2C7CBFE4004F60E4 /* Frameworks */,
				7658769C2C7CBFE4004F60E4 /* Resources */,
			);
			buildRules = (
			);
			dependencies = (
				765876A02C7CBFE4004F60E4 /* PBXTargetDependency */,
			);
			name = "PopcornPix-AppTests";
			productName = "PopcornPix-AppTests";
			productReference = 7658769E2C7CBFE4004F60E4 /* PopcornPix-AppTests.xctest */;
			productType = "com.apple.product-type.bundle.unit-test";
		};
		765876A72C7CBFE4004F60E4 /* PopcornPix-AppUITests */ = {
			isa = PBXNativeTarget;
			buildConfigurationList = 765876B82C7CBFE4004F60E4 /* Build configuration list for PBXNativeTarget "PopcornPix-AppUITests" */;
			buildPhases = (
				765876A42C7CBFE4004F60E4 /* Sources */,
				765876A52C7CBFE4004F60E4 /* Frameworks */,
				765876A62C7CBFE4004F60E4 /* Resources */,
			);
			buildRules = (
			);
			dependencies = (
				765876AA2C7CBFE4004F60E4 /* PBXTargetDependency */,
			);
			name = "PopcornPix-AppUITests";
			productName = "PopcornPix-AppUITests";
			productReference = 765876A82C7CBFE4004F60E4 /* PopcornPix-AppUITests.xctest */;
			productType = "com.apple.product-type.bundle.ui-testing";
		};
/* End PBXNativeTarget section */

/* Begin PBXProject section */
		765876802C7CBFE3004F60E4 /* Project object */ = {
			isa = PBXProject;
			attributes = {
				BuildIndependentTargetsInParallel = 1;
				LastSwiftUpdateCheck = 1540;
				LastUpgradeCheck = 1540;
				TargetAttributes = {
					765876872C7CBFE3004F60E4 = {
						CreatedOnToolsVersion = 15.4;
					};
					7658769D2C7CBFE4004F60E4 = {
						CreatedOnToolsVersion = 15.4;
						TestTargetID = 765876872C7CBFE3004F60E4;
					};
					765876A72C7CBFE4004F60E4 = {
						CreatedOnToolsVersion = 15.4;
						TestTargetID = 765876872C7CBFE3004F60E4;
					};
				};
			};
			buildConfigurationList = 765876832C7CBFE3004F60E4 /* Build configuration list for PBXProject "PopcornPix-App" */;
			compatibilityVersion = "Xcode 14.0";
			developmentRegion = en;
			hasScannedForEncodings = 0;
			knownRegions = (
				en,
				Base,
			);
			mainGroup = 7658767F2C7CBFE3004F60E4;
			productRefGroup = 765876892C7CBFE3004F60E4 /* Products */;
			projectDirPath = "";
			projectRoot = "";
			targets = (
				765876872C7CBFE3004F60E4 /* PopcornPix-App */,
				7658769D2C7CBFE4004F60E4 /* PopcornPix-AppTests */,
				765876A72C7CBFE4004F60E4 /* PopcornPix-AppUITests */,
			);
		};
/* End PBXProject section */

/* Begin PBXResourcesBuildPhase section */
		765876862C7CBFE3004F60E4 /* Resources */ = {
			isa = PBXResourcesBuildPhase;
			buildActionMask = 2147483647;
			files = (
				765876952C7CBFE4004F60E4 /* Assets.xcassets in Resources */,
				765876982C7CBFE4004F60E4 /* Base in Resources */,
				765876932C7CBFE3004F60E4 /* Base in Resources */,
			);
			runOnlyForDeploymentPostprocessing = 0;
		};
		7658769C2C7CBFE4004F60E4 /* Resources */ = {
			isa = PBXResourcesBuildPhase;
			buildActionMask = 2147483647;
			files = (
			);
			runOnlyForDeploymentPostprocessing = 0;
		};
		765876A62C7CBFE4004F60E4 /* Resources */ = {
			isa = PBXResourcesBuildPhase;
			buildActionMask = 2147483647;
			files = (
			);
			runOnlyForDeploymentPostprocessing = 0;
		};
/* End PBXResourcesBuildPhase section */

/* Begin PBXSourcesBuildPhase section */
		765876842C7CBFE3004F60E4 /* Sources */ = {
			isa = PBXSourcesBuildPhase;
			buildActionMask = 2147483647;
			files = (
				765876902C7CBFE3004F60E4 /* MovieDetailViewController.swift in Sources */,
				7658768C2C7CBFE3004F60E4 /* AppDelegate.swift in Sources */,
				765876BF2C7CC586004F60E4 /* MovieService.swift in Sources */,
				7658768E2C7CBFE3004F60E4 /* SceneDelegate.swift in Sources */,
				765876C12C7CCB8B004F60E4 /* Movies.swift in Sources */,
				765876C32C7CCDA0004F60E4 /* MovieDetails.swift in Sources */,
				76E6F3F62C7DD62C00595377 /* MovieTableViewCell.swift in Sources */,
				76E6F3F42C7DD5D900595377 /* MovieTableViewController.swift in Sources */,
			);
			runOnlyForDeploymentPostprocessing = 0;
		};
		7658769A2C7CBFE4004F60E4 /* Sources */ = {
			isa = PBXSourcesBuildPhase;
			buildActionMask = 2147483647;
			files = (
				765876A32C7CBFE4004F60E4 /* PopcornPix_AppTests.swift in Sources */,
			);
			runOnlyForDeploymentPostprocessing = 0;
		};
		765876A42C7CBFE4004F60E4 /* Sources */ = {
			isa = PBXSourcesBuildPhase;
			buildActionMask = 2147483647;
			files = (
				765876AF2C7CBFE4004F60E4 /* PopcornPix_AppUITestsLaunchTests.swift in Sources */,
				765876AD2C7CBFE4004F60E4 /* PopcornPix_AppUITests.swift in Sources */,
			);
			runOnlyForDeploymentPostprocessing = 0;
		};
/* End PBXSourcesBuildPhase section */

/* Begin PBXTargetDependency section */
		765876A02C7CBFE4004F60E4 /* PBXTargetDependency */ = {
			isa = PBXTargetDependency;
			target = 765876872C7CBFE3004F60E4 /* PopcornPix-App */;
			targetProxy = 7658769F2C7CBFE4004F60E4 /* PBXContainerItemProxy */;
		};
		765876AA2C7CBFE4004F60E4 /* PBXTargetDependency */ = {
			isa = PBXTargetDependency;
			target = 765876872C7CBFE3004F60E4 /* PopcornPix-App */;
			targetProxy = 765876A92C7CBFE4004F60E4 /* PBXContainerItemProxy */;
		};
/* End PBXTargetDependency section */

/* Begin PBXVariantGroup section */
		765876912C7CBFE3004F60E4 /* Main.storyboard */ = {
			isa = PBXVariantGroup;
			children = (
				765876922C7CBFE3004F60E4 /* Base */,
			);
			name = Main.storyboard;
			sourceTree = "<group>";
		};
		765876962C7CBFE4004F60E4 /* LaunchScreen.storyboard */ = {
			isa = PBXVariantGroup;
			children = (
				765876972C7CBFE4004F60E4 /* Base */,
			);
			name = LaunchScreen.storyboard;
			sourceTree = "<group>";
		};
/* End PBXVariantGroup section */

/* Begin XCBuildConfiguration section */
		765876B02C7CBFE4004F60E4 /* Debug */ = {
			isa = XCBuildConfiguration;
			buildSettings = {
				ALWAYS_SEARCH_USER_PATHS = NO;
				ASSETCATALOG_COMPILER_GENERATE_SWIFT_ASSET_SYMBOL_EXTENSIONS = YES;
				CLANG_ANALYZER_NONNULL = YES;
				CLANG_ANALYZER_NUMBER_OBJECT_CONVERSION = YES_AGGRESSIVE;
				CLANG_CXX_LANGUAGE_STANDARD = "gnu++20";
				CLANG_ENABLE_MODULES = YES;
				CLANG_ENABLE_OBJC_ARC = YES;
				CLANG_ENABLE_OBJC_WEAK = YES;
				CLANG_WARN_BLOCK_CAPTURE_AUTORELEASING = YES;
				CLANG_WARN_BOOL_CONVERSION = YES;
				CLANG_WARN_COMMA = YES;
				CLANG_WARN_CONSTANT_CONVERSION = YES;
				CLANG_WARN_DEPRECATED_OBJC_IMPLEMENTATIONS = YES;
				CLANG_WARN_DIRECT_OBJC_ISA_USAGE = YES_ERROR;
				CLANG_WARN_DOCUMENTATION_COMMENTS = YES;
				CLANG_WARN_EMPTY_BODY = YES;
				CLANG_WARN_ENUM_CONVERSION = YES;
				CLANG_WARN_INFINITE_RECURSION = YES;
				CLANG_WARN_INT_CONVERSION = YES;
				CLANG_WARN_NON_LITERAL_NULL_CONVERSION = YES;
				CLANG_WARN_OBJC_IMPLICIT_RETAIN_SELF = YES;
				CLANG_WARN_OBJC_LITERAL_CONVERSION = YES;
				CLANG_WARN_OBJC_ROOT_CLASS = YES_ERROR;
				CLANG_WARN_QUOTED_INCLUDE_IN_FRAMEWORK_HEADER = YES;
				CLANG_WARN_RANGE_LOOP_ANALYSIS = YES;
				CLANG_WARN_STRICT_PROTOTYPES = YES;
				CLANG_WARN_SUSPICIOUS_MOVE = YES;
				CLANG_WARN_UNGUARDED_AVAILABILITY = YES_AGGRESSIVE;
				CLANG_WARN_UNREACHABLE_CODE = YES;
				CLANG_WARN__DUPLICATE_METHOD_MATCH = YES;
				COPY_PHASE_STRIP = NO;
				DEBUG_INFORMATION_FORMAT = dwarf;
				ENABLE_STRICT_OBJC_MSGSEND = YES;
				ENABLE_TESTABILITY = YES;
				ENABLE_USER_SCRIPT_SANDBOXING = YES;
				GCC_C_LANGUAGE_STANDARD = gnu17;
				GCC_DYNAMIC_NO_PIC = NO;
				GCC_NO_COMMON_BLOCKS = YES;
				GCC_OPTIMIZATION_LEVEL = 0;
				GCC_PREPROCESSOR_DEFINITIONS = (
					"DEBUG=1",
					"$(inherited)",
				);
				GCC_WARN_64_TO_32_BIT_CONVERSION = YES;
				GCC_WARN_ABOUT_RETURN_TYPE = YES_ERROR;
				GCC_WARN_UNDECLARED_SELECTOR = YES;
				GCC_WARN_UNINITIALIZED_AUTOS = YES_AGGRESSIVE;
				GCC_WARN_UNUSED_FUNCTION = YES;
				GCC_WARN_UNUSED_VARIABLE = YES;
				IPHONEOS_DEPLOYMENT_TARGET = 17.5;
				LOCALIZATION_PREFERS_STRING_CATALOGS = YES;
				MTL_ENABLE_DEBUG_INFO = INCLUDE_SOURCE;
				MTL_FAST_MATH = YES;
				ONLY_ACTIVE_ARCH = YES;
				SDKROOT = iphoneos;
				SWIFT_ACTIVE_COMPILATION_CONDITIONS = "DEBUG $(inherited)";
				SWIFT_OPTIMIZATION_LEVEL = "-Onone";
			};
			name = Debug;
		};
		765876B12C7CBFE4004F60E4 /* Release */ = {
			isa = XCBuildConfiguration;
			buildSettings = {
				ALWAYS_SEARCH_USER_PATHS = NO;
				ASSETCATALOG_COMPILER_GENERATE_SWIFT_ASSET_SYMBOL_EXTENSIONS = YES;
				CLANG_ANALYZER_NONNULL = YES;
				CLANG_ANALYZER_NUMBER_OBJECT_CONVERSION = YES_AGGRESSIVE;
				CLANG_CXX_LANGUAGE_STANDARD = "gnu++20";
				CLANG_ENABLE_MODULES = YES;
				CLANG_ENABLE_OBJC_ARC = YES;
				CLANG_ENABLE_OBJC_WEAK = YES;
				CLANG_WARN_BLOCK_CAPTURE_AUTORELEASING = YES;
				CLANG_WARN_BOOL_CONVERSION = YES;
				CLANG_WARN_COMMA = YES;
				CLANG_WARN_CONSTANT_CONVERSION = YES;
				CLANG_WARN_DEPRECATED_OBJC_IMPLEMENTATIONS = YES;
				CLANG_WARN_DIRECT_OBJC_ISA_USAGE = YES_ERROR;
				CLANG_WARN_DOCUMENTATION_COMMENTS = YES;
				CLANG_WARN_EMPTY_BODY = YES;
				CLANG_WARN_ENUM_CONVERSION = YES;
				CLANG_WARN_INFINITE_RECURSION = YES;
				CLANG_WARN_INT_CONVERSION = YES;
				CLANG_WARN_NON_LITERAL_NULL_CONVERSION = YES;
				CLANG_WARN_OBJC_IMPLICIT_RETAIN_SELF = YES;
				CLANG_WARN_OBJC_LITERAL_CONVERSION = YES;
				CLANG_WARN_OBJC_ROOT_CLASS = YES_ERROR;
				CLANG_WARN_QUOTED_INCLUDE_IN_FRAMEWORK_HEADER = YES;
				CLANG_WARN_RANGE_LOOP_ANALYSIS = YES;
				CLANG_WARN_STRICT_PROTOTYPES = YES;
				CLANG_WARN_SUSPICIOUS_MOVE = YES;
				CLANG_WARN_UNGUARDED_AVAILABILITY = YES_AGGRESSIVE;
				CLANG_WARN_UNREACHABLE_CODE = YES;
				CLANG_WARN__DUPLICATE_METHOD_MATCH = YES;
				COPY_PHASE_STRIP = NO;
				DEBUG_INFORMATION_FORMAT = "dwarf-with-dsym";
				ENABLE_NS_ASSERTIONS = NO;
				ENABLE_STRICT_OBJC_MSGSEND = YES;
				ENABLE_USER_SCRIPT_SANDBOXING = YES;
				GCC_C_LANGUAGE_STANDARD = gnu17;
				GCC_NO_COMMON_BLOCKS = YES;
				GCC_WARN_64_TO_32_BIT_CONVERSION = YES;
				GCC_WARN_ABOUT_RETURN_TYPE = YES_ERROR;
				GCC_WARN_UNDECLARED_SELECTOR = YES;
				GCC_WARN_UNINITIALIZED_AUTOS = YES_AGGRESSIVE;
				GCC_WARN_UNUSED_FUNCTION = YES;
				GCC_WARN_UNUSED_VARIABLE = YES;
				IPHONEOS_DEPLOYMENT_TARGET = 17.5;
				LOCALIZATION_PREFERS_STRING_CATALOGS = YES;
				MTL_ENABLE_DEBUG_INFO = NO;
				MTL_FAST_MATH = YES;
				SDKROOT = iphoneos;
				SWIFT_COMPILATION_MODE = wholemodule;
				VALIDATE_PRODUCT = YES;
			};
			name = Release;
		};
		765876B32C7CBFE4004F60E4 /* Debug */ = {
			isa = XCBuildConfiguration;
			buildSettings = {
				ASSETCATALOG_COMPILER_APPICON_NAME = AppIcon;
				ASSETCATALOG_COMPILER_GLOBAL_ACCENT_COLOR_NAME = AccentColor;
				CODE_SIGN_STYLE = Automatic;
				CURRENT_PROJECT_VERSION = 1;
				DEVELOPMENT_TEAM = 65659H5P7C;
				GENERATE_INFOPLIST_FILE = YES;
				INFOPLIST_FILE = "PopcornPix-App/Info.plist";
				INFOPLIST_KEY_UIApplicationSupportsIndirectInputEvents = YES;
				INFOPLIST_KEY_UILaunchStoryboardName = LaunchScreen;
				INFOPLIST_KEY_UIMainStoryboardFile = Main;
				INFOPLIST_KEY_UISupportedInterfaceOrientations_iPad = "UIInterfaceOrientationPortrait UIInterfaceOrientationPortraitUpsideDown UIInterfaceOrientationLandscapeLeft UIInterfaceOrientationLandscapeRight";
				INFOPLIST_KEY_UISupportedInterfaceOrientations_iPhone = "UIInterfaceOrientationPortrait UIInterfaceOrientationLandscapeLeft UIInterfaceOrientationLandscapeRight";
				LD_RUNPATH_SEARCH_PATHS = (
					"$(inherited)",
					"@executable_path/Frameworks",
				);
				MARKETING_VERSION = 1.0;
				PRODUCT_BUNDLE_IDENTIFIER = "com.kiri.PopcornPix-App";
				PRODUCT_NAME = "$(TARGET_NAME)";
				SWIFT_EMIT_LOC_STRINGS = YES;
				SWIFT_VERSION = 5.0;
				TARGETED_DEVICE_FAMILY = "1,2";
			};
			name = Debug;
		};
		765876B42C7CBFE4004F60E4 /* Release */ = {
			isa = XCBuildConfiguration;
			buildSettings = {
				ASSETCATALOG_COMPILER_APPICON_NAME = AppIcon;
				ASSETCATALOG_COMPILER_GLOBAL_ACCENT_COLOR_NAME = AccentColor;
				CODE_SIGN_STYLE = Automatic;
				CURRENT_PROJECT_VERSION = 1;
				DEVELOPMENT_TEAM = 65659H5P7C;
				GENERATE_INFOPLIST_FILE = YES;
				INFOPLIST_FILE = "PopcornPix-App/Info.plist";
				INFOPLIST_KEY_UIApplicationSupportsIndirectInputEvents = YES;
				INFOPLIST_KEY_UILaunchStoryboardName = LaunchScreen;
				INFOPLIST_KEY_UIMainStoryboardFile = Main;
				INFOPLIST_KEY_UISupportedInterfaceOrientations_iPad = "UIInterfaceOrientationPortrait UIInterfaceOrientationPortraitUpsideDown UIInterfaceOrientationLandscapeLeft UIInterfaceOrientationLandscapeRight";
				INFOPLIST_KEY_UISupportedInterfaceOrientations_iPhone = "UIInterfaceOrientationPortrait UIInterfaceOrientationLandscapeLeft UIInterfaceOrientationLandscapeRight";
				LD_RUNPATH_SEARCH_PATHS = (
					"$(inherited)",
					"@executable_path/Frameworks",
				);
				MARKETING_VERSION = 1.0;
				PRODUCT_BUNDLE_IDENTIFIER = "com.kiri.PopcornPix-App";
				PRODUCT_NAME = "$(TARGET_NAME)";
				SWIFT_EMIT_LOC_STRINGS = YES;
				SWIFT_VERSION = 5.0;
				TARGETED_DEVICE_FAMILY = "1,2";
			};
			name = Release;
		};
		765876B62C7CBFE4004F60E4 /* Debug */ = {
			isa = XCBuildConfiguration;
			buildSettings = {
				ALWAYS_EMBED_SWIFT_STANDARD_LIBRARIES = YES;
				BUNDLE_LOADER = "$(TEST_HOST)";
				CODE_SIGN_STYLE = Automatic;
				CURRENT_PROJECT_VERSION = 1;
				DEVELOPMENT_TEAM = 65659H5P7C;
				GENERATE_INFOPLIST_FILE = YES;
				IPHONEOS_DEPLOYMENT_TARGET = 17.5;
				MARKETING_VERSION = 1.0;
				PRODUCT_BUNDLE_IDENTIFIER = "com.kiri.PopcornPix-AppTests";
				PRODUCT_NAME = "$(TARGET_NAME)";
				SWIFT_EMIT_LOC_STRINGS = NO;
				SWIFT_VERSION = 5.0;
				TARGETED_DEVICE_FAMILY = "1,2";
				TEST_HOST = "$(BUILT_PRODUCTS_DIR)/PopcornPix-App.app/$(BUNDLE_EXECUTABLE_FOLDER_PATH)/PopcornPix-App";
			};
			name = Debug;
		};
		765876B72C7CBFE4004F60E4 /* Release */ = {
			isa = XCBuildConfiguration;
			buildSettings = {
				ALWAYS_EMBED_SWIFT_STANDARD_LIBRARIES = YES;
				BUNDLE_LOADER = "$(TEST_HOST)";
				CODE_SIGN_STYLE = Automatic;
				CURRENT_PROJECT_VERSION = 1;
				DEVELOPMENT_TEAM = 65659H5P7C;
				GENERATE_INFOPLIST_FILE = YES;
				IPHONEOS_DEPLOYMENT_TARGET = 17.5;
				MARKETING_VERSION = 1.0;
				PRODUCT_BUNDLE_IDENTIFIER = "com.kiri.PopcornPix-AppTests";
				PRODUCT_NAME = "$(TARGET_NAME)";
				SWIFT_EMIT_LOC_STRINGS = NO;
				SWIFT_VERSION = 5.0;
				TARGETED_DEVICE_FAMILY = "1,2";
				TEST_HOST = "$(BUILT_PRODUCTS_DIR)/PopcornPix-App.app/$(BUNDLE_EXECUTABLE_FOLDER_PATH)/PopcornPix-App";
			};
			name = Release;
		};
		765876B92C7CBFE4004F60E4 /* Debug */ = {
			isa = XCBuildConfiguration;
			buildSettings = {
				ALWAYS_EMBED_SWIFT_STANDARD_LIBRARIES = YES;
				CODE_SIGN_STYLE = Automatic;
				CURRENT_PROJECT_VERSION = 1;
				DEVELOPMENT_TEAM = 65659H5P7C;
				GENERATE_INFOPLIST_FILE = YES;
				MARKETING_VERSION = 1.0;
				PRODUCT_BUNDLE_IDENTIFIER = "com.kiri.PopcornPix-AppUITests";
				PRODUCT_NAME = "$(TARGET_NAME)";
				SWIFT_EMIT_LOC_STRINGS = NO;
				SWIFT_VERSION = 5.0;
				TARGETED_DEVICE_FAMILY = "1,2";
				TEST_TARGET_NAME = "PopcornPix-App";
			};
			name = Debug;
		};
		765876BA2C7CBFE4004F60E4 /* Release */ = {
			isa = XCBuildConfiguration;
			buildSettings = {
				ALWAYS_EMBED_SWIFT_STANDARD_LIBRARIES = YES;
				CODE_SIGN_STYLE = Automatic;
				CURRENT_PROJECT_VERSION = 1;
				DEVELOPMENT_TEAM = 65659H5P7C;
				GENERATE_INFOPLIST_FILE = YES;
				MARKETING_VERSION = 1.0;
				PRODUCT_BUNDLE_IDENTIFIER = "com.kiri.PopcornPix-AppUITests";
				PRODUCT_NAME = "$(TARGET_NAME)";
				SWIFT_EMIT_LOC_STRINGS = NO;
				SWIFT_VERSION = 5.0;
				TARGETED_DEVICE_FAMILY = "1,2";
				TEST_TARGET_NAME = "PopcornPix-App";
			};
			name = Release;
		};
/* End XCBuildConfiguration section */

/* Begin XCConfigurationList section */
		765876832C7CBFE3004F60E4 /* Build configuration list for PBXProject "PopcornPix-App" */ = {
			isa = XCConfigurationList;
			buildConfigurations = (
				765876B02C7CBFE4004F60E4 /* Debug */,
				765876B12C7CBFE4004F60E4 /* Release */,
			);
			defaultConfigurationIsVisible = 0;
			defaultConfigurationName = Release;
		};
		765876B22C7CBFE4004F60E4 /* Build configuration list for PBXNativeTarget "PopcornPix-App" */ = {
			isa = XCConfigurationList;
			buildConfigurations = (
				765876B32C7CBFE4004F60E4 /* Debug */,
				765876B42C7CBFE4004F60E4 /* Release */,
			);
			defaultConfigurationIsVisible = 0;
			defaultConfigurationName = Release;
		};
		765876B52C7CBFE4004F60E4 /* Build configuration list for PBXNativeTarget "PopcornPix-AppTests" */ = {
			isa = XCConfigurationList;
			buildConfigurations = (
				765876B62C7CBFE4004F60E4 /* Debug */,
				765876B72C7CBFE4004F60E4 /* Release */,
			);
			defaultConfigurationIsVisible = 0;
			defaultConfigurationName = Release;
		};
		765876B82C7CBFE4004F60E4 /* Build configuration list for PBXNativeTarget "PopcornPix-AppUITests" */ = {
			isa = XCConfigurationList;
			buildConfigurations = (
				765876B92C7CBFE4004F60E4 /* Debug */,
				765876BA2C7CBFE4004F60E4 /* Release */,
			);
			defaultConfigurationIsVisible = 0;
			defaultConfigurationName = Release;
		};
/* End XCConfigurationList section */
	};
	rootObject = 765876802C7CBFE3004F60E4 /* Project object */;
}
