// !$*UTF8*$!
{
	archiveVersion = 1;
	classes = {
	};
	objectVersion = 56;
	objects = {

/* Begin PBXBuildFile section */
		7658764C2C7CAE42004F60E4 /* AppDelegate.swift in Sources */ = {isa = PBXBuildFile; fileRef = 7658764B2C7CAE42004F60E4 /* AppDelegate.swift */; };
		7658764E2C7CAE42004F60E4 /* SceneDelegate.swift in Sources */ = {isa = PBXBuildFile; fileRef = 7658764D2C7CAE42004F60E4 /* SceneDelegate.swift */; };
		765876502C7CAE42004F60E4 /* ViewController.swift in Sources */ = {isa = PBXBuildFile; fileRef = 7658764F2C7CAE42004F60E4 /* ViewController.swift */; };
		765876532C7CAE42004F60E4 /* Base in Resources */ = {isa = PBXBuildFile; fileRef = 765876522C7CAE42004F60E4 /* Base */; };
		765876552C7CAE43004F60E4 /* Assets.xcassets in Resources */ = {isa = PBXBuildFile; fileRef = 765876542C7CAE43004F60E4 /* Assets.xcassets */; };
		765876582C7CAE43004F60E4 /* Base in Resources */ = {isa = PBXBuildFile; fileRef = 765876572C7CAE43004F60E4 /* Base */; };
		765876632C7CAE44004F60E4 /* PopcornPix_AppTests.swift in Sources */ = {isa = PBXBuildFile; fileRef = 765876622C7CAE44004F60E4 /* PopcornPix_AppTests.swift */; };
		7658766D2C7CAE44004F60E4 /* PopcornPix_AppUITests.swift in Sources */ = {isa = PBXBuildFile; fileRef = 7658766C2C7CAE44004F60E4 /* PopcornPix_AppUITests.swift */; };
		7658766F2C7CAE44004F60E4 /* PopcornPix_AppUITestsLaunchTests.swift in Sources */ = {isa = PBXBuildFile; fileRef = 7658766E2C7CAE44004F60E4 /* PopcornPix_AppUITestsLaunchTests.swift */; };
/* End PBXBuildFile section */

/* Begin PBXContainerItemProxy section */
		7658765F2C7CAE44004F60E4 /* PBXContainerItemProxy */ = {
			isa = PBXContainerItemProxy;
			containerPortal = 765876402C7CAE42004F60E4 /* Project object */;
			proxyType = 1;
			remoteGlobalIDString = 765876472C7CAE42004F60E4;
			remoteInfo = "PopcornPix-App";
		};
		765876692C7CAE44004F60E4 /* PBXContainerItemProxy */ = {
			isa = PBXContainerItemProxy;
			containerPortal = 765876402C7CAE42004F60E4 /* Project object */;
			proxyType = 1;
			remoteGlobalIDString = 765876472C7CAE42004F60E4;
			remoteInfo = "PopcornPix-App";
		};
/* End PBXContainerItemProxy section */

/* Begin PBXFileReference section */
		765876482C7CAE42004F60E4 /* PopcornPix-App.app */ = {isa = PBXFileReference; explicitFileType = wrapper.application; includeInIndex = 0; path = "PopcornPix-App.app"; sourceTree = BUILT_PRODUCTS_DIR; };
		7658764B2C7CAE42004F60E4 /* AppDelegate.swift */ = {isa = PBXFileReference; lastKnownFileType = sourcecode.swift; path = AppDelegate.swift; sourceTree = "<group>"; };
		7658764D2C7CAE42004F60E4 /* SceneDelegate.swift */ = {isa = PBXFileReference; lastKnownFileType = sourcecode.swift; path = SceneDelegate.swift; sourceTree = "<group>"; };
		7658764F2C7CAE42004F60E4 /* ViewController.swift */ = {isa = PBXFileReference; lastKnownFileType = sourcecode.swift; path = ViewController.swift; sourceTree = "<group>"; };
		765876522C7CAE42004F60E4 /* Base */ = {isa = PBXFileReference; lastKnownFileType = file.storyboard; name = Base; path = Base.lproj/Main.storyboard; sourceTree = "<group>"; };
		765876542C7CAE43004F60E4 /* Assets.xcassets */ = {isa = PBXFileReference; lastKnownFileType = folder.assetcatalog; path = Assets.xcassets; sourceTree = "<group>"; };
		765876572C7CAE43004F60E4 /* Base */ = {isa = PBXFileReference; lastKnownFileType = file.storyboard; name = Base; path = Base.lproj/LaunchScreen.storyboard; sourceTree = "<group>"; };
		765876592C7CAE43004F60E4 /* Info.plist */ = {isa = PBXFileReference; lastKnownFileType = text.plist.xml; path = Info.plist; sourceTree = "<group>"; };
		7658765E2C7CAE44004F60E4 /* PopcornPix-AppTests.xctest */ = {isa = PBXFileReference; explicitFileType = wrapper.cfbundle; includeInIndex = 0; path = "PopcornPix-AppTests.xctest"; sourceTree = BUILT_PRODUCTS_DIR; };
		765876622C7CAE44004F60E4 /* PopcornPix_AppTests.swift */ = {isa = PBXFileReference; lastKnownFileType = sourcecode.swift; path = PopcornPix_AppTests.swift; sourceTree = "<group>"; };
		765876682C7CAE44004F60E4 /* PopcornPix-AppUITests.xctest */ = {isa = PBXFileReference; explicitFileType = wrapper.cfbundle; includeInIndex = 0; path = "PopcornPix-AppUITests.xctest"; sourceTree = BUILT_PRODUCTS_DIR; };
		7658766C2C7CAE44004F60E4 /* PopcornPix_AppUITests.swift */ = {isa = PBXFileReference; lastKnownFileType = sourcecode.swift; path = PopcornPix_AppUITests.swift; sourceTree = "<group>"; };
		7658766E2C7CAE44004F60E4 /* PopcornPix_AppUITestsLaunchTests.swift */ = {isa = PBXFileReference; lastKnownFileType = sourcecode.swift; path = PopcornPix_AppUITestsLaunchTests.swift; sourceTree = "<group>"; };
/* End PBXFileReference section */

/* Begin PBXFrameworksBuildPhase section */
		765876452C7CAE42004F60E4 /* Frameworks */ = {
			isa = PBXFrameworksBuildPhase;
			buildActionMask = 2147483647;
			files = (
			);
			runOnlyForDeploymentPostprocessing = 0;
		};
		7658765B2C7CAE44004F60E4 /* Frameworks */ = {
			isa = PBXFrameworksBuildPhase;
			buildActionMask = 2147483647;
			files = (
			);
			runOnlyForDeploymentPostprocessing = 0;
		};
		765876652C7CAE44004F60E4 /* Frameworks */ = {
			isa = PBXFrameworksBuildPhase;
			buildActionMask = 2147483647;
			files = (
			);
			runOnlyForDeploymentPostprocessing = 0;
		};
/* End PBXFrameworksBuildPhase section */

/* Begin PBXGroup section */
		7658763F2C7CAE42004F60E4 = {
			isa = PBXGroup;
			children = (
				7658764A2C7CAE42004F60E4 /* PopcornPix-App */,
				765876612C7CAE44004F60E4 /* PopcornPix-AppTests */,
				7658766B2C7CAE44004F60E4 /* PopcornPix-AppUITests */,
				765876492C7CAE42004F60E4 /* Products */,
			);
			sourceTree = "<group>";
		};
		765876492C7CAE42004F60E4 /* Products */ = {
			isa = PBXGroup;
			children = (
				765876482C7CAE42004F60E4 /* PopcornPix-App.app */,
				7658765E2C7CAE44004F60E4 /* PopcornPix-AppTests.xctest */,
				765876682C7CAE44004F60E4 /* PopcornPix-AppUITests.xctest */,
			);
			name = Products;
			sourceTree = "<group>";
		};
		7658764A2C7CAE42004F60E4 /* PopcornPix-App */ = {
			isa = PBXGroup;
			children = (
				7658764B2C7CAE42004F60E4 /* AppDelegate.swift */,
				7658764D2C7CAE42004F60E4 /* SceneDelegate.swift */,
				7658764F2C7CAE42004F60E4 /* ViewController.swift */,
				765876512C7CAE42004F60E4 /* Main.storyboard */,
				765876542C7CAE43004F60E4 /* Assets.xcassets */,
				765876562C7CAE43004F60E4 /* LaunchScreen.storyboard */,
				765876592C7CAE43004F60E4 /* Info.plist */,
			);
			path = "PopcornPix-App";
			sourceTree = "<group>";
		};
		765876612C7CAE44004F60E4 /* PopcornPix-AppTests */ = {
			isa = PBXGroup;
			children = (
				765876622C7CAE44004F60E4 /* PopcornPix_AppTests.swift */,
			);
			path = "PopcornPix-AppTests";
			sourceTree = "<group>";
		};
		7658766B2C7CAE44004F60E4 /* PopcornPix-AppUITests */ = {
			isa = PBXGroup;
			children = (
				7658766C2C7CAE44004F60E4 /* PopcornPix_AppUITests.swift */,
				7658766E2C7CAE44004F60E4 /* PopcornPix_AppUITestsLaunchTests.swift */,
			);
			path = "PopcornPix-AppUITests";
			sourceTree = "<group>";
		};
/* End PBXGroup section */

/* Begin PBXNativeTarget section */
		765876472C7CAE42004F60E4 /* PopcornPix-App */ = {
			isa = PBXNativeTarget;
			buildConfigurationList = 765876722C7CAE44004F60E4 /* Build configuration list for PBXNativeTarget "PopcornPix-App" */;
			buildPhases = (
				765876442C7CAE42004F60E4 /* Sources */,
				765876452C7CAE42004F60E4 /* Frameworks */,
				765876462C7CAE42004F60E4 /* Resources */,
			);
			buildRules = (
			);
			dependencies = (
			);
			name = "PopcornPix-App";
			productName = "PopcornPix-App";
			productReference = 765876482C7CAE42004F60E4 /* PopcornPix-App.app */;
			productType = "com.apple.product-type.application";
		};
		7658765D2C7CAE44004F60E4 /* PopcornPix-AppTests */ = {
			isa = PBXNativeTarget;
			buildConfigurationList = 765876752C7CAE44004F60E4 /* Build configuration list for PBXNativeTarget "PopcornPix-AppTests" */;
			buildPhases = (
				7658765A2C7CAE44004F60E4 /* Sources */,
				7658765B2C7CAE44004F60E4 /* Frameworks */,
				7658765C2C7CAE44004F60E4 /* Resources */,
			);
			buildRules = (
			);
			dependencies = (
				765876602C7CAE44004F60E4 /* PBXTargetDependency */,
			);
			name = "PopcornPix-AppTests";
			productName = "PopcornPix-AppTests";
			productReference = 7658765E2C7CAE44004F60E4 /* PopcornPix-AppTests.xctest */;
			productType = "com.apple.product-type.bundle.unit-test";
		};
		765876672C7CAE44004F60E4 /* PopcornPix-AppUITests */ = {
			isa = PBXNativeTarget;
			buildConfigurationList = 765876782C7CAE44004F60E4 /* Build configuration list for PBXNativeTarget "PopcornPix-AppUITests" */;
			buildPhases = (
				765876642C7CAE44004F60E4 /* Sources */,
				765876652C7CAE44004F60E4 /* Frameworks */,
				765876662C7CAE44004F60E4 /* Resources */,
			);
			buildRules = (
			);
			dependencies = (
				7658766A2C7CAE44004F60E4 /* PBXTargetDependency */,
			);
			name = "PopcornPix-AppUITests";
			productName = "PopcornPix-AppUITests";
			productReference = 765876682C7CAE44004F60E4 /* PopcornPix-AppUITests.xctest */;
			productType = "com.apple.product-type.bundle.ui-testing";
		};
/* End PBXNativeTarget section */

/* Begin PBXProject section */
		765876402C7CAE42004F60E4 /* Project object */ = {
			isa = PBXProject;
			attributes = {
				BuildIndependentTargetsInParallel = 1;
				LastSwiftUpdateCheck = 1540;
				LastUpgradeCheck = 1540;
				TargetAttributes = {
					765876472C7CAE42004F60E4 = {
						CreatedOnToolsVersion = 15.4;
					};
					7658765D2C7CAE44004F60E4 = {
						CreatedOnToolsVersion = 15.4;
						TestTargetID = 765876472C7CAE42004F60E4;
					};
					765876672C7CAE44004F60E4 = {
						CreatedOnToolsVersion = 15.4;
						TestTargetID = 765876472C7CAE42004F60E4;
					};
				};
			};
			buildConfigurationList = 765876432C7CAE42004F60E4 /* Build configuration list for PBXProject "PopcornPix-App" */;
			compatibilityVersion = "Xcode 14.0";
			developmentRegion = en;
			hasScannedForEncodings = 0;
			knownRegions = (
				en,
				Base,
			);
			mainGroup = 7658763F2C7CAE42004F60E4;
			productRefGroup = 765876492C7CAE42004F60E4 /* Products */;
			projectDirPath = "";
			projectRoot = "";
			targets = (
				765876472C7CAE42004F60E4 /* PopcornPix-App */,
				7658765D2C7CAE44004F60E4 /* PopcornPix-AppTests */,
				765876672C7CAE44004F60E4 /* PopcornPix-AppUITests */,
			);
		};
/* End PBXProject section */

/* Begin PBXResourcesBuildPhase section */
		765876462C7CAE42004F60E4 /* Resources */ = {
			isa = PBXResourcesBuildPhase;
			buildActionMask = 2147483647;
			files = (
				765876552C7CAE43004F60E4 /* Assets.xcassets in Resources */,
				765876582C7CAE43004F60E4 /* Base in Resources */,
				765876532C7CAE42004F60E4 /* Base in Resources */,
			);
			runOnlyForDeploymentPostprocessing = 0;
		};
		7658765C2C7CAE44004F60E4 /* Resources */ = {
			isa = PBXResourcesBuildPhase;
			buildActionMask = 2147483647;
			files = (
			);
			runOnlyForDeploymentPostprocessing = 0;
		};
		765876662C7CAE44004F60E4 /* Resources */ = {
			isa = PBXResourcesBuildPhase;
			buildActionMask = 2147483647;
			files = (
			);
			runOnlyForDeploymentPostprocessing = 0;
		};
/* End PBXResourcesBuildPhase section */

/* Begin PBXSourcesBuildPhase section */
		765876442C7CAE42004F60E4 /* Sources */ = {
			isa = PBXSourcesBuildPhase;
			buildActionMask = 2147483647;
			files = (
				765876502C7CAE42004F60E4 /* ViewController.swift in Sources */,
				7658764C2C7CAE42004F60E4 /* AppDelegate.swift in Sources */,
				7658764E2C7CAE42004F60E4 /* SceneDelegate.swift in Sources */,
			);
			runOnlyForDeploymentPostprocessing = 0;
		};
		7658765A2C7CAE44004F60E4 /* Sources */ = {
			isa = PBXSourcesBuildPhase;
			buildActionMask = 2147483647;
			files = (
				765876632C7CAE44004F60E4 /* PopcornPix_AppTests.swift in Sources */,
			);
			runOnlyForDeploymentPostprocessing = 0;
		};
		765876642C7CAE44004F60E4 /* Sources */ = {
			isa = PBXSourcesBuildPhase;
			buildActionMask = 2147483647;
			files = (
				7658766F2C7CAE44004F60E4 /* PopcornPix_AppUITestsLaunchTests.swift in Sources */,
				7658766D2C7CAE44004F60E4 /* PopcornPix_AppUITests.swift in Sources */,
			);
			runOnlyForDeploymentPostprocessing = 0;
		};
/* End PBXSourcesBuildPhase section */

/* Begin PBXTargetDependency section */
		765876602C7CAE44004F60E4 /* PBXTargetDependency */ = {
			isa = PBXTargetDependency;
			target = 765876472C7CAE42004F60E4 /* PopcornPix-App */;
			targetProxy = 7658765F2C7CAE44004F60E4 /* PBXContainerItemProxy */;
		};
		7658766A2C7CAE44004F60E4 /* PBXTargetDependency */ = {
			isa = PBXTargetDependency;
			target = 765876472C7CAE42004F60E4 /* PopcornPix-App */;
			targetProxy = 765876692C7CAE44004F60E4 /* PBXContainerItemProxy */;
		};
/* End PBXTargetDependency section */

/* Begin PBXVariantGroup section */
		765876512C7CAE42004F60E4 /* Main.storyboard */ = {
			isa = PBXVariantGroup;
			children = (
				765876522C7CAE42004F60E4 /* Base */,
			);
			name = Main.storyboard;
			sourceTree = "<group>";
		};
		765876562C7CAE43004F60E4 /* LaunchScreen.storyboard */ = {
			isa = PBXVariantGroup;
			children = (
				765876572C7CAE43004F60E4 /* Base */,
			);
			name = LaunchScreen.storyboard;
			sourceTree = "<group>";
		};
/* End PBXVariantGroup section */

/* Begin XCBuildConfiguration section */
		765876702C7CAE44004F60E4 /* Debug */ = {
			isa = XCBuildConfiguration;
			buildSettings = {
				ALWAYS_SEARCH_USER_PATHS = NO;
				ASSETCATALOG_COMPILER_GENERATE_SWIFT_ASSET_SYMBOL_EXTENSIONS = YES;
				CLANG_ANALYZER_NONNULL = YES;
				CLANG_ANALYZER_NUMBER_OBJECT_CONVERSION = YES_AGGRESSIVE;
				CLANG_CXX_LANGUAGE_STANDARD = "gnu++20";
				CLANG_ENABLE_MODULES = YES;
				CLANG_ENABLE_OBJC_ARC = YES;
				CLANG_ENABLE_OBJC_WEAK = YES;
				CLANG_WARN_BLOCK_CAPTURE_AUTORELEASING = YES;
				CLANG_WARN_BOOL_CONVERSION = YES;
				CLANG_WARN_COMMA = YES;
				CLANG_WARN_CONSTANT_CONVERSION = YES;
				CLANG_WARN_DEPRECATED_OBJC_IMPLEMENTATIONS = YES;
				CLANG_WARN_DIRECT_OBJC_ISA_USAGE = YES_ERROR;
				CLANG_WARN_DOCUMENTATION_COMMENTS = YES;
				CLANG_WARN_EMPTY_BODY = YES;
				CLANG_WARN_ENUM_CONVERSION = YES;
				CLANG_WARN_INFINITE_RECURSION = YES;
				CLANG_WARN_INT_CONVERSION = YES;
				CLANG_WARN_NON_LITERAL_NULL_CONVERSION = YES;
				CLANG_WARN_OBJC_IMPLICIT_RETAIN_SELF = YES;
				CLANG_WARN_OBJC_LITERAL_CONVERSION = YES;
				CLANG_WARN_OBJC_ROOT_CLASS = YES_ERROR;
				CLANG_WARN_QUOTED_INCLUDE_IN_FRAMEWORK_HEADER = YES;
				CLANG_WARN_RANGE_LOOP_ANALYSIS = YES;
				CLANG_WARN_STRICT_PROTOTYPES = YES;
				CLANG_WARN_SUSPICIOUS_MOVE = YES;
				CLANG_WARN_UNGUARDED_AVAILABILITY = YES_AGGRESSIVE;
				CLANG_WARN_UNREACHABLE_CODE = YES;
				CLANG_WARN__DUPLICATE_METHOD_MATCH = YES;
				COPY_PHASE_STRIP = NO;
				DEBUG_INFORMATION_FORMAT = dwarf;
				ENABLE_STRICT_OBJC_MSGSEND = YES;
				ENABLE_TESTABILITY = YES;
				ENABLE_USER_SCRIPT_SANDBOXING = YES;
				GCC_C_LANGUAGE_STANDARD = gnu17;
				GCC_DYNAMIC_NO_PIC = NO;
				GCC_NO_COMMON_BLOCKS = YES;
				GCC_OPTIMIZATION_LEVEL = 0;
				GCC_PREPROCESSOR_DEFINITIONS = (
					"DEBUG=1",
					"$(inherited)",
				);
				GCC_WARN_64_TO_32_BIT_CONVERSION = YES;
				GCC_WARN_ABOUT_RETURN_TYPE = YES_ERROR;
				GCC_WARN_UNDECLARED_SELECTOR = YES;
				GCC_WARN_UNINITIALIZED_AUTOS = YES_AGGRESSIVE;
				GCC_WARN_UNUSED_FUNCTION = YES;
				GCC_WARN_UNUSED_VARIABLE = YES;
				IPHONEOS_DEPLOYMENT_TARGET = 17.5;
				LOCALIZATION_PREFERS_STRING_CATALOGS = YES;
				MTL_ENABLE_DEBUG_INFO = INCLUDE_SOURCE;
				MTL_FAST_MATH = YES;
				ONLY_ACTIVE_ARCH = YES;
				SDKROOT = iphoneos;
				SWIFT_ACTIVE_COMPILATION_CONDITIONS = "DEBUG $(inherited)";
				SWIFT_OPTIMIZATION_LEVEL = "-Onone";
			};
			name = Debug;
		};
		765876712C7CAE44004F60E4 /* Release */ = {
			isa = XCBuildConfiguration;
			buildSettings = {
				ALWAYS_SEARCH_USER_PATHS = NO;
				ASSETCATALOG_COMPILER_GENERATE_SWIFT_ASSET_SYMBOL_EXTENSIONS = YES;
				CLANG_ANALYZER_NONNULL = YES;
				CLANG_ANALYZER_NUMBER_OBJECT_CONVERSION = YES_AGGRESSIVE;
				CLANG_CXX_LANGUAGE_STANDARD = "gnu++20";
				CLANG_ENABLE_MODULES = YES;
				CLANG_ENABLE_OBJC_ARC = YES;
				CLANG_ENABLE_OBJC_WEAK = YES;
				CLANG_WARN_BLOCK_CAPTURE_AUTORELEASING = YES;
				CLANG_WARN_BOOL_CONVERSION = YES;
				CLANG_WARN_COMMA = YES;
				CLANG_WARN_CONSTANT_CONVERSION = YES;
				CLANG_WARN_DEPRECATED_OBJC_IMPLEMENTATIONS = YES;
				CLANG_WARN_DIRECT_OBJC_ISA_USAGE = YES_ERROR;
				CLANG_WARN_DOCUMENTATION_COMMENTS = YES;
				CLANG_WARN_EMPTY_BODY = YES;
				CLANG_WARN_ENUM_CONVERSION = YES;
				CLANG_WARN_INFINITE_RECURSION = YES;
				CLANG_WARN_INT_CONVERSION = YES;
				CLANG_WARN_NON_LITERAL_NULL_CONVERSION = YES;
				CLANG_WARN_OBJC_IMPLICIT_RETAIN_SELF = YES;
				CLANG_WARN_OBJC_LITERAL_CONVERSION = YES;
				CLANG_WARN_OBJC_ROOT_CLASS = YES_ERROR;
				CLANG_WARN_QUOTED_INCLUDE_IN_FRAMEWORK_HEADER = YES;
				CLANG_WARN_RANGE_LOOP_ANALYSIS = YES;
				CLANG_WARN_STRICT_PROTOTYPES = YES;
				CLANG_WARN_SUSPICIOUS_MOVE = YES;
				CLANG_WARN_UNGUARDED_AVAILABILITY = YES_AGGRESSIVE;
				CLANG_WARN_UNREACHABLE_CODE = YES;
				CLANG_WARN__DUPLICATE_METHOD_MATCH = YES;
				COPY_PHASE_STRIP = NO;
				DEBUG_INFORMATION_FORMAT = "dwarf-with-dsym";
				ENABLE_NS_ASSERTIONS = NO;
				ENABLE_STRICT_OBJC_MSGSEND = YES;
				ENABLE_USER_SCRIPT_SANDBOXING = YES;
				GCC_C_LANGUAGE_STANDARD = gnu17;
				GCC_NO_COMMON_BLOCKS = YES;
				GCC_WARN_64_TO_32_BIT_CONVERSION = YES;
				GCC_WARN_ABOUT_RETURN_TYPE = YES_ERROR;
				GCC_WARN_UNDECLARED_SELECTOR = YES;
				GCC_WARN_UNINITIALIZED_AUTOS = YES_AGGRESSIVE;
				GCC_WARN_UNUSED_FUNCTION = YES;
				GCC_WARN_UNUSED_VARIABLE = YES;
				IPHONEOS_DEPLOYMENT_TARGET = 17.5;
				LOCALIZATION_PREFERS_STRING_CATALOGS = YES;
				MTL_ENABLE_DEBUG_INFO = NO;
				MTL_FAST_MATH = YES;
				SDKROOT = iphoneos;
				SWIFT_COMPILATION_MODE = wholemodule;
				VALIDATE_PRODUCT = YES;
			};
			name = Release;
		};
		765876732C7CAE44004F60E4 /* Debug */ = {
			isa = XCBuildConfiguration;
			buildSettings = {
				ASSETCATALOG_COMPILER_APPICON_NAME = AppIcon;
				ASSETCATALOG_COMPILER_GLOBAL_ACCENT_COLOR_NAME = AccentColor;
				CODE_SIGN_STYLE = Automatic;
				CURRENT_PROJECT_VERSION = 1;
				DEVELOPMENT_TEAM = 65659H5P7C;
				GENERATE_INFOPLIST_FILE = YES;
				INFOPLIST_FILE = "PopcornPix-App/Info.plist";
				INFOPLIST_KEY_UIApplicationSupportsIndirectInputEvents = YES;
				INFOPLIST_KEY_UILaunchStoryboardName = LaunchScreen;
				INFOPLIST_KEY_UIMainStoryboardFile = Main;
				INFOPLIST_KEY_UISupportedInterfaceOrientations_iPad = "UIInterfaceOrientationPortrait UIInterfaceOrientationPortraitUpsideDown UIInterfaceOrientationLandscapeLeft UIInterfaceOrientationLandscapeRight";
				INFOPLIST_KEY_UISupportedInterfaceOrientations_iPhone = "UIInterfaceOrientationPortrait UIInterfaceOrientationLandscapeLeft UIInterfaceOrientationLandscapeRight";
				LD_RUNPATH_SEARCH_PATHS = (
					"$(inherited)",
					"@executable_path/Frameworks",
				);
				MARKETING_VERSION = 1.0;
				PRODUCT_BUNDLE_IDENTIFIER = "com.kiri.PopcornPix-App";
				PRODUCT_NAME = "$(TARGET_NAME)";
				SWIFT_EMIT_LOC_STRINGS = YES;
				SWIFT_VERSION = 5.0;
				TARGETED_DEVICE_FAMILY = "1,2";
			};
			name = Debug;
		};
		765876742C7CAE44004F60E4 /* Release */ = {
			isa = XCBuildConfiguration;
			buildSettings = {
				ASSETCATALOG_COMPILER_APPICON_NAME = AppIcon;
				ASSETCATALOG_COMPILER_GLOBAL_ACCENT_COLOR_NAME = AccentColor;
				CODE_SIGN_STYLE = Automatic;
				CURRENT_PROJECT_VERSION = 1;
				DEVELOPMENT_TEAM = 65659H5P7C;
				GENERATE_INFOPLIST_FILE = YES;
				INFOPLIST_FILE = "PopcornPix-App/Info.plist";
				INFOPLIST_KEY_UIApplicationSupportsIndirectInputEvents = YES;
				INFOPLIST_KEY_UILaunchStoryboardName = LaunchScreen;
				INFOPLIST_KEY_UIMainStoryboardFile = Main;
				INFOPLIST_KEY_UISupportedInterfaceOrientations_iPad = "UIInterfaceOrientationPortrait UIInterfaceOrientationPortraitUpsideDown UIInterfaceOrientationLandscapeLeft UIInterfaceOrientationLandscapeRight";
				INFOPLIST_KEY_UISupportedInterfaceOrientations_iPhone = "UIInterfaceOrientationPortrait UIInterfaceOrientationLandscapeLeft UIInterfaceOrientationLandscapeRight";
				LD_RUNPATH_SEARCH_PATHS = (
					"$(inherited)",
					"@executable_path/Frameworks",
				);
				MARKETING_VERSION = 1.0;
				PRODUCT_BUNDLE_IDENTIFIER = "com.kiri.PopcornPix-App";
				PRODUCT_NAME = "$(TARGET_NAME)";
				SWIFT_EMIT_LOC_STRINGS = YES;
				SWIFT_VERSION = 5.0;
				TARGETED_DEVICE_FAMILY = "1,2";
			};
			name = Release;
		};
		765876762C7CAE44004F60E4 /* Debug */ = {
			isa = XCBuildConfiguration;
			buildSettings = {
				ALWAYS_EMBED_SWIFT_STANDARD_LIBRARIES = YES;
				BUNDLE_LOADER = "$(TEST_HOST)";
				CODE_SIGN_STYLE = Automatic;
				CURRENT_PROJECT_VERSION = 1;
				DEVELOPMENT_TEAM = 65659H5P7C;
				GENERATE_INFOPLIST_FILE = YES;
				IPHONEOS_DEPLOYMENT_TARGET = 17.5;
				MARKETING_VERSION = 1.0;
				PRODUCT_BUNDLE_IDENTIFIER = "com.kiri.PopcornPix-AppTests";
				PRODUCT_NAME = "$(TARGET_NAME)";
				SWIFT_EMIT_LOC_STRINGS = NO;
				SWIFT_VERSION = 5.0;
				TARGETED_DEVICE_FAMILY = "1,2";
				TEST_HOST = "$(BUILT_PRODUCTS_DIR)/PopcornPix-App.app/$(BUNDLE_EXECUTABLE_FOLDER_PATH)/PopcornPix-App";
			};
			name = Debug;
		};
		765876772C7CAE44004F60E4 /* Release */ = {
			isa = XCBuildConfiguration;
			buildSettings = {
				ALWAYS_EMBED_SWIFT_STANDARD_LIBRARIES = YES;
				BUNDLE_LOADER = "$(TEST_HOST)";
				CODE_SIGN_STYLE = Automatic;
				CURRENT_PROJECT_VERSION = 1;
				DEVELOPMENT_TEAM = 65659H5P7C;
				GENERATE_INFOPLIST_FILE = YES;
				IPHONEOS_DEPLOYMENT_TARGET = 17.5;
				MARKETING_VERSION = 1.0;
				PRODUCT_BUNDLE_IDENTIFIER = "com.kiri.PopcornPix-AppTests";
				PRODUCT_NAME = "$(TARGET_NAME)";
				SWIFT_EMIT_LOC_STRINGS = NO;
				SWIFT_VERSION = 5.0;
				TARGETED_DEVICE_FAMILY = "1,2";
				TEST_HOST = "$(BUILT_PRODUCTS_DIR)/PopcornPix-App.app/$(BUNDLE_EXECUTABLE_FOLDER_PATH)/PopcornPix-App";
			};
			name = Release;
		};
		765876792C7CAE44004F60E4 /* Debug */ = {
			isa = XCBuildConfiguration;
			buildSettings = {
				ALWAYS_EMBED_SWIFT_STANDARD_LIBRARIES = YES;
				CODE_SIGN_STYLE = Automatic;
				CURRENT_PROJECT_VERSION = 1;
				DEVELOPMENT_TEAM = 65659H5P7C;
				GENERATE_INFOPLIST_FILE = YES;
				MARKETING_VERSION = 1.0;
				PRODUCT_BUNDLE_IDENTIFIER = "com.kiri.PopcornPix-AppUITests";
				PRODUCT_NAME = "$(TARGET_NAME)";
				SWIFT_EMIT_LOC_STRINGS = NO;
				SWIFT_VERSION = 5.0;
				TARGETED_DEVICE_FAMILY = "1,2";
				TEST_TARGET_NAME = "PopcornPix-App";
			};
			name = Debug;
		};
		7658767A2C7CAE44004F60E4 /* Release */ = {
			isa = XCBuildConfiguration;
			buildSettings = {
				ALWAYS_EMBED_SWIFT_STANDARD_LIBRARIES = YES;
				CODE_SIGN_STYLE = Automatic;
				CURRENT_PROJECT_VERSION = 1;
				DEVELOPMENT_TEAM = 65659H5P7C;
				GENERATE_INFOPLIST_FILE = YES;
				MARKETING_VERSION = 1.0;
				PRODUCT_BUNDLE_IDENTIFIER = "com.kiri.PopcornPix-AppUITests";
				PRODUCT_NAME = "$(TARGET_NAME)";
				SWIFT_EMIT_LOC_STRINGS = NO;
				SWIFT_VERSION = 5.0;
				TARGETED_DEVICE_FAMILY = "1,2";
				TEST_TARGET_NAME = "PopcornPix-App";
			};
			name = Release;
		};
/* End XCBuildConfiguration section */

/* Begin XCConfigurationList section */
		765876432C7CAE42004F60E4 /* Build configuration list for PBXProject "PopcornPix-App" */ = {
			isa = XCConfigurationList;
			buildConfigurations = (
				765876702C7CAE44004F60E4 /* Debug */,
				765876712C7CAE44004F60E4 /* Release */,
			);
			defaultConfigurationIsVisible = 0;
			defaultConfigurationName = Release;
		};
		765876722C7CAE44004F60E4 /* Build configuration list for PBXNativeTarget "PopcornPix-App" */ = {
			isa = XCConfigurationList;
			buildConfigurations = (
				765876732C7CAE44004F60E4 /* Debug */,
				765876742C7CAE44004F60E4 /* Release */,
			);
			defaultConfigurationIsVisible = 0;
			defaultConfigurationName = Release;
		};
		765876752C7CAE44004F60E4 /* Build configuration list for PBXNativeTarget "PopcornPix-AppTests" */ = {
			isa = XCConfigurationList;
			buildConfigurations = (
				765876762C7CAE44004F60E4 /* Debug */,
				765876772C7CAE44004F60E4 /* Release */,
			);
			defaultConfigurationIsVisible = 0;
			defaultConfigurationName = Release;
		};
		765876782C7CAE44004F60E4 /* Build configuration list for PBXNativeTarget "PopcornPix-AppUITests" */ = {
			isa = XCConfigurationList;
			buildConfigurations = (
				765876792C7CAE44004F60E4 /* Debug */,
				7658767A2C7CAE44004F60E4 /* Release */,
			);
			defaultConfigurationIsVisible = 0;
			defaultConfigurationName = Release;
		};
/* End XCConfigurationList section */
	};
	rootObject = 765876402C7CAE42004F60E4 /* Project object */;
}
